
Microsoft Visual Studio Solution File, Format Version 12.00
# Visual Studio 2013
VisualStudioVersion = 12.0.31101.0
MinimumVisualStudioVersion = 10.0.40219.1
Project("{2150E333-8FDC-42A3-9474-1A3956D46DE8}") = "All problems", "All problems", "{D65006AD-76A2-460A-8778-6702BF6C8E20}"
EndProject
Project("{FAE04EC0-301F-11D3-BF4B-00C04F79EFBC}") = "StudentSystem.Models", "StudentSystem.Models\StudentSystem.Models.csproj", "{8783589C-DCED-4E34-B223-3D189365F516}"
EndProject
Project("{FAE04EC0-301F-11D3-BF4B-00C04F79EFBC}") = "StudentSystem.Data", "StudentSystem.Data\StudentSystem.Data.csproj", "{148F2805-2734-4F53-8C18-BE42DCCE8440}"
EndProject
Project("{FAE04EC0-301F-11D3-BF4B-00C04F79EFBC}") = "StudentSystem.ConsoleClient", "StudentSystem.ConsoleClient\StudentSystem.ConsoleClient.csproj", "{6F684EF1-D61D-4EC9-8E94-5481081FD791}"
EndProject
Global
	GlobalSection(SolutionConfigurationPlatforms) = preSolution
		Debug|Any CPU = Debug|Any CPU
		Release|Any CPU = Release|Any CPU
	EndGlobalSection
	GlobalSection(ProjectConfigurationPlatforms) = postSolution
		{8783589C-DCED-4E34-B223-3D189365F516}.Debug|Any CPU.ActiveCfg = Debug|Any CPU
		{8783589C-DCED-4E34-B223-3D189365F516}.Debug|Any CPU.Build.0 = Debug|Any CPU
		{8783589C-DCED-4E34-B223-3D189365F516}.Release|Any CPU.ActiveCfg = Release|Any CPU
		{8783589C-DCED-4E34-B223-3D189365F516}.Release|Any CPU.Build.0 = Release|Any CPU
		{148F2805-2734-4F53-8C18-BE42DCCE8440}.Debug|Any CPU.ActiveCfg = Debug|Any CPU
		{148F2805-2734-4F53-8C18-BE42DCCE8440}.Debug|Any CPU.Build.0 = Debug|Any CPU
		{148F2805-2734-4F53-8C18-BE42DCCE8440}.Release|Any CPU.ActiveCfg = Release|Any CPU
		{148F2805-2734-4F53-8C18-BE42DCCE8440}.Release|Any CPU.Build.0 = Release|Any CPU
		{6F684EF1-D61D-4EC9-8E94-5481081FD791}.Debug|Any CPU.ActiveCfg = Debug|Any CPU
		{6F684EF1-D61D-4EC9-8E94-5481081FD791}.Debug|Any CPU.Build.0 = Debug|Any CPU
		{6F684EF1-D61D-4EC9-8E94-5481081FD791}.Release|Any CPU.ActiveCfg = Release|Any CPU
		{6F684EF1-D61D-4EC9-8E94-5481081FD791}.Release|Any CPU.Build.0 = Release|Any CPU
	EndGlobalSection
	GlobalSection(SolutionProperties) = preSolution
		HideSolutionNode = FALSE
	EndGlobalSection
	GlobalSection(NestedProjects) = preSolution
		{8783589C-DCED-4E34-B223-3D189365F516} = {D65006AD-76A2-460A-8778-6702BF6C8E20}
		{148F2805-2734-4F53-8C18-BE42DCCE8440} = {D65006AD-76A2-460A-8778-6702BF6C8E20}
		{6F684EF1-D61D-4EC9-8E94-5481081FD791} = {D65006AD-76A2-460A-8778-6702BF6C8E20}
	EndGlobalSection
EndGlobal
