
Microsoft Visual Studio Solution File, Format Version 12.00
# Visual Studio 2013
VisualStudioVersion = 12.0.31101.0
MinimumVisualStudioVersion = 10.0.40219.1
Project("{FAE04EC0-301F-11D3-BF4B-00C04F79EFBC}") = "Problem1", "Problem1\Problem1.csproj", "{2507B12C-54A1-49A9-A8EC-EC522DC80BD7}"
EndProject
Project("{FAE04EC0-301F-11D3-BF4B-00C04F79EFBC}") = "Problem2", "Problem2\Problem2.csproj", "{84FCE4A8-4B70-410B-BD55-A017059C1505}"
EndProject
Project("{FAE04EC0-301F-11D3-BF4B-00C04F79EFBC}") = "Problem3", "Problem3\Problem3.csproj", "{FD4DCBC6-1CB9-4DB0-B41B-010281FEB4C3}"
EndProject
Project("{FAE04EC0-301F-11D3-BF4B-00C04F79EFBC}") = "Problem4", "Problem4\Problem4.csproj", "{DEB06A20-6BFA-46A2-A7F5-8C17F34A994B}"
EndProject
Project("{FAE04EC0-301F-11D3-BF4B-00C04F79EFBC}") = "Problem5", "Problem5\Problem5.csproj", "{2D7A18D8-B106-4715-BCD1-1D174D10B7B0}"
EndProject
Global
	GlobalSection(SolutionConfigurationPlatforms) = preSolution
		Debug|Any CPU = Debug|Any CPU
		Release|Any CPU = Release|Any CPU
	EndGlobalSection
	GlobalSection(ProjectConfigurationPlatforms) = postSolution
		{2507B12C-54A1-49A9-A8EC-EC522DC80BD7}.Debug|Any CPU.ActiveCfg = Debug|Any CPU
		{2507B12C-54A1-49A9-A8EC-EC522DC80BD7}.Debug|Any CPU.Build.0 = Debug|Any CPU
		{2507B12C-54A1-49A9-A8EC-EC522DC80BD7}.Release|Any CPU.ActiveCfg = Release|Any CPU
		{2507B12C-54A1-49A9-A8EC-EC522DC80BD7}.Release|Any CPU.Build.0 = Release|Any CPU
		{84FCE4A8-4B70-410B-BD55-A017059C1505}.Debug|Any CPU.ActiveCfg = Debug|Any CPU
		{84FCE4A8-4B70-410B-BD55-A017059C1505}.Debug|Any CPU.Build.0 = Debug|Any CPU
		{84FCE4A8-4B70-410B-BD55-A017059C1505}.Release|Any CPU.ActiveCfg = Release|Any CPU
		{84FCE4A8-4B70-410B-BD55-A017059C1505}.Release|Any CPU.Build.0 = Release|Any CPU
		{FD4DCBC6-1CB9-4DB0-B41B-010281FEB4C3}.Debug|Any CPU.ActiveCfg = Debug|Any CPU
		{FD4DCBC6-1CB9-4DB0-B41B-010281FEB4C3}.Debug|Any CPU.Build.0 = Debug|Any CPU
		{FD4DCBC6-1CB9-4DB0-B41B-010281FEB4C3}.Release|Any CPU.ActiveCfg = Release|Any CPU
		{FD4DCBC6-1CB9-4DB0-B41B-010281FEB4C3}.Release|Any CPU.Build.0 = Release|Any CPU
		{DEB06A20-6BFA-46A2-A7F5-8C17F34A994B}.Debug|Any CPU.ActiveCfg = Debug|Any CPU
		{DEB06A20-6BFA-46A2-A7F5-8C17F34A994B}.Debug|Any CPU.Build.0 = Debug|Any CPU
		{DEB06A20-6BFA-46A2-A7F5-8C17F34A994B}.Release|Any CPU.ActiveCfg = Release|Any CPU
		{DEB06A20-6BFA-46A2-A7F5-8C17F34A994B}.Release|Any CPU.Build.0 = Release|Any CPU
		{2D7A18D8-B106-4715-BCD1-1D174D10B7B0}.Debug|Any CPU.ActiveCfg = Debug|Any CPU
		{2D7A18D8-B106-4715-BCD1-1D174D10B7B0}.Debug|Any CPU.Build.0 = Debug|Any CPU
		{2D7A18D8-B106-4715-BCD1-1D174D10B7B0}.Release|Any CPU.ActiveCfg = Release|Any CPU
		{2D7A18D8-B106-4715-BCD1-1D174D10B7B0}.Release|Any CPU.Build.0 = Release|Any CPU
	EndGlobalSection
	GlobalSection(SolutionProperties) = preSolution
		HideSolutionNode = FALSE
	EndGlobalSection
EndGlobal
